{
  "name": "api.webglue",
  "version": "0.0.0",
  "lockfileVersion": 1,
  "dependencies": {
    "accepts": {
      "version": "1.3.3",
      "resolved": "https://registry.node-modules.io/tarballs/accepts/1.3.3.tgz",
      "integrity": "sha1-w8p0NJOGSMPg2cHjKN1otiLChMo="
    },
    "after": {
      "version": "0.8.2",
      "resolved": "https://registry.node-modules.io/tarballs/after/0.8.2.tgz",
      "integrity": "sha1-/ts5T58OAqqXaOcCvaI7UF+ufh8="
    },
    "ansi-align": {
      "version": "2.0.0",
      "resolved": "https://registry.node-modules.io/tarballs/ansi-align/2.0.0.tgz",
      "integrity": "sha1-w2rsy6VjuJzrVW82kPCx2eNUf38="
    },
    "ansi-regex": {
      "version": "2.1.1",
      "resolved": "https://registry.node-modules.io/tarballs/ansi-regex/2.1.1.tgz",
      "integrity": "sha1-w7M6te42DYbg5ijwRorn7yfWVN8="
    },
    "ansi-styles": {
      "version": "2.2.1",
      "resolved": "https://registry.node-modules.io/tarballs/ansi-styles/2.2.1.tgz",
      "integrity": "sha1-tDLdM1i2NM914eRmQ2gkBTPB3b4="
    },
    "args": {
      "version": "2.6.1",
      "resolved": "https://registry.node-modules.io/tarballs/args/2.6.1.tgz",
      "integrity": "sha1-slkO1BaM0xtiREGZvcUWa7GSDC8="
    },
    "array-flatten": {
      "version": "1.1.1",
      "resolved": "https://registry.node-modules.io/tarballs/array-flatten/1.1.1.tgz",
      "integrity": "sha1-ml9pkFGx5wczKPKgCJaLZOopVdI="
    },
    "arraybuffer.slice": {
      "version": "0.0.6",
      "resolved": "https://registry.node-modules.io/tarballs/arraybuffer.slice/0.0.6.tgz",
      "integrity": "sha1-8zshWfBTKj8xB6JywMz70a0peco="
    },
    "async-to-gen": {
      "version": "1.3.3",
      "resolved": "https://registry.node-modules.io/tarballs/async-to-gen/1.3.3.tgz",
      "integrity": "sha1-1SyftIAfDfRKvE0t4YcLSLYOILs="
    },
    "babylon": {
      "version": "6.17.3",
      "resolved": "https://registry.node-modules.io/tarballs/babylon/6.17.3.tgz",
      "integrity": "sha512-mq0x3HCAGGmQyZXviOVe5TRsw37Ijy3D43jCqt/9WVf+onx2dUgW3PosnqCbScAFhRO9DGs8nxoMzU0iiosMqQ=="
    },
    "backo2": {
      "version": "1.0.2",
      "resolved": "https://registry.node-modules.io/tarballs/backo2/1.0.2.tgz",
      "integrity": "sha1-MasayLEpNjRj41s+u2n038+6eUc="
    },
    "base64-arraybuffer": {
      "version": "0.1.5",
      "resolved": "https://registry.node-modules.io/tarballs/base64-arraybuffer/0.1.5.tgz",
      "integrity": "sha1-c5JncZI7Whl0etZmqlzUv5xunOg="
    },
    "base64id": {
      "version": "1.0.0",
      "resolved": "https://registry.node-modules.io/tarballs/base64id/1.0.0.tgz",
      "integrity": "sha1-R2iMuZu2gE8OBtPnY7HDLlfY5rY="
    },
    "better-assert": {
      "version": "1.0.2",
      "resolved": "https://registry.node-modules.io/tarballs/better-assert/1.0.2.tgz",
      "integrity": "sha1-QIZrnhueC1W0gYlDEeaPr/rrxSI="
    },
    "blob": {
      "version": "0.0.4",
      "resolved": "https://registry.node-modules.io/tarballs/blob/0.0.4.tgz",
      "integrity": "sha1-vPEwUspURj8w+fx+lbmkdjCpSSE="
    },
    "bluebird": {
      "version": "3.5.0",
      "resolved": "https://registry.node-modules.io/tarballs/bluebird/3.5.0.tgz",
      "integrity": "sha1-eRQg1/VR7qKJdFOop3ZT+WYG1nw="
    },
    "body-parser": {
      "version": "1.17.2",
      "resolved": "https://registry.node-modules.io/tarballs/body-parser/1.17.2.tgz",
      "integrity": "sha1-+IkqvI+eYn1Crtr7yma/WrmRBO4="
    },
    "boxen": {
      "version": "1.1.0",
      "resolved": "https://registry.node-modules.io/tarballs/boxen/1.1.0.tgz",
      "integrity": "sha1-sbad1SIwXoB6md7ud329blFnsQI="
    },
    "bytes": {
      "version": "2.4.0",
      "resolved": "https://registry.node-modules.io/tarballs/bytes/2.4.0.tgz",
      "integrity": "sha1-fZcZb51br39pNeJZhVSe3SpsIzk="
    },
    "callsite": {
      "version": "1.0.0",
      "resolved": "https://registry.node-modules.io/tarballs/callsite/1.0.0.tgz",
      "integrity": "sha1-KAOY5dZkvXQDi28JBRU+borxvCA="
    },
    "camelcase": {
      "version": "4.1.0",
      "resolved": "https://registry.node-modules.io/tarballs/camelcase/4.1.0.tgz",
      "integrity": "sha1-1UVjW+HjPFQmScaRc+Xeas+uNN0="
    },
    "capture-stack-trace": {
      "version": "1.0.0",
      "resolved": "https://registry.node-modules.io/tarballs/capture-stack-trace/1.0.0.tgz",
      "integrity": "sha1-Sm+gc5nCa7pH8LJJa00PtAjFVQ0="
    },
    "chalk": {
      "version": "1.1.3",
      "resolved": "https://registry.node-modules.io/tarballs/chalk/1.1.3.tgz",
      "integrity": "sha1-qBFcVeSnAv5NFQq9OHKCKn4J/Jg="
    },
    "cli-boxes": {
      "version": "1.0.0",
      "resolved": "https://registry.node-modules.io/tarballs/cli-boxes/1.0.0.tgz",
      "integrity": "sha1-T6kXw+WclKAEzWH47lCdplFocUM="
    },
    "clipboardy": {
      "version": "1.1.1",
      "resolved": "https://registry.node-modules.io/tarballs/clipboardy/1.1.1.tgz",
      "integrity": "sha1-dbWnrFDYPJgCX7YwMpjGqQB8Fsc=",
      "dependencies": {
        "execa": {
          "version": "0.6.3",
          "resolved": "https://registry.node-modules.io/tarballs/execa/0.6.3.tgz",
          "integrity": "sha1-V7aaWU8IF1nGnlNw8NF7nLEWWP4="
        },
        "npm-run-path": {
          "version": "2.0.2",
          "resolved": "https://registry.node-modules.io/tarballs/npm-run-path/2.0.2.tgz",
          "integrity": "sha1-NakjLfo11wZ7TLLd8jV7GHFTbF8="
        },
        "path-key": {
          "version": "2.0.1",
          "resolved": "https://registry.node-modules.io/tarballs/path-key/2.0.1.tgz",
          "integrity": "sha1-QRyttXTFoUDTpLGRDUDYDMn0C0A="
        }
      }
    },
    "code-point-at": {
      "version": "1.1.0",
      "resolved": "https://registry.node-modules.io/tarballs/code-point-at/1.1.0.tgz",
      "integrity": "sha1-DQcLTQQ6W+ozovGkDi7bPZpMz3c="
    },
    "component-bind": {
      "version": "1.0.0",
      "resolved": "https://registry.node-modules.io/tarballs/component-bind/1.0.0.tgz",
      "integrity": "sha1-AMYIq33Nk4l8AAllGx06jh5zu9E="
    },
    "component-emitter": {
      "version": "1.2.1",
      "resolved": "https://registry.node-modules.io/tarballs/component-emitter/1.2.1.tgz",
      "integrity": "sha1-E3kY1teCg/ffemt8WmPhQOaUJeY="
    },
    "component-inherit": {
      "version": "0.0.3",
      "resolved": "https://registry.node-modules.io/tarballs/component-inherit/0.0.3.tgz",
      "integrity": "sha1-ZF/ErfWLcrZJ1crmUTVhnbJv8UM="
    },
    "configstore": {
      "version": "3.1.0",
      "resolved": "https://registry.node-modules.io/tarballs/configstore/3.1.0.tgz",
      "integrity": "sha1-Rd+QcHPibfoc9LLVL1tgVF6qEdE="
    },
    "content-disposition": {
      "version": "0.5.2",
      "resolved": "https://registry.node-modules.io/tarballs/content-disposition/0.5.2.tgz",
      "integrity": "sha1-DPaLud318r55YcOoUXjLhdunjLQ="
    },
    "content-type": {
      "version": "1.0.2",
      "resolved": "https://registry.node-modules.io/tarballs/content-type/1.0.2.tgz",
      "integrity": "sha1-t9ETrueo3Se9IRM8TcJSnfFyHu0="
    },
    "cookie": {
      "version": "0.3.1",
      "resolved": "https://registry.node-modules.io/tarballs/cookie/0.3.1.tgz",
      "integrity": "sha1-5+Ch+e9DtMi6klxcWpboBtFoc7s="
    },
    "cookie-signature": {
      "version": "1.0.6",
      "resolved": "https://registry.node-modules.io/tarballs/cookie-signature/1.0.6.tgz",
      "integrity": "sha1-4wOogrNCzD7oylE6eZmXNNqzriw="
    },
    "create-error-class": {
      "version": "3.0.2",
      "resolved": "https://registry.node-modules.io/tarballs/create-error-class/3.0.2.tgz",
      "integrity": "sha1-Br56vvlHo/FKMP1hBnHUAbyot7Y="
    },
    "cross-spawn": {
      "version": "5.1.0",
      "resolved": "https://registry.node-modules.io/tarballs/cross-spawn/5.1.0.tgz",
      "integrity": "sha1-6L0O/uWPz/b4+UUQoKVUu/ojVEk="
    },
    "cross-spawn-async": {
      "version": "2.2.5",
      "resolved": "https://registry.node-modules.io/tarballs/cross-spawn-async/2.2.5.tgz",
      "integrity": "sha1-hF/wwINKPe2dFg2sptOQkGuyiMw="
    },
    "crypto-random-string": {
      "version": "1.0.0",
      "resolved": "https://registry.node-modules.io/tarballs/crypto-random-string/1.0.0.tgz",
      "integrity": "sha1-ojD2T1aDEOFJgAmUB5DsmVRbyn4="
    },
    "debug": {
      "version": "2.6.7",
      "resolved": "https://registry.node-modules.io/tarballs/debug/2.6.7.tgz",
      "integrity": "sha1-krrR9tBbu2u6Isyoi80OyJTChh4="
    },
    "deep-extend": {
      "version": "0.4.2",
      "resolved": "https://registry.node-modules.io/tarballs/deep-extend/0.4.2.tgz",
      "integrity": "sha1-SLaZwn4zS/ifEIkr5DL25MfTSn8="
    },
    "depd": {
      "version": "1.1.0",
      "resolved": "https://registry.node-modules.io/tarballs/depd/1.1.0.tgz",
      "integrity": "sha1-4b2Cxqq2ztlluXuIsX7T5SjKGMM="
    },
    "destroy": {
      "version": "1.0.4",
      "resolved": "https://registry.node-modules.io/tarballs/destroy/1.0.4.tgz",
      "integrity": "sha1-l4hXRCxEdJ5CBmE+N5RiBYJqvYA="
    },
    "dot-prop": {
      "version": "4.1.1",
      "resolved": "https://registry.node-modules.io/tarballs/dot-prop/4.1.1.tgz",
      "integrity": "sha1-qEk/C3te7sglJbXHWH+n3nyoWcE="
    },
    "duplexer3": {
      "version": "0.1.4",
      "resolved": "https://registry.node-modules.io/tarballs/duplexer3/0.1.4.tgz",
      "integrity": "sha1-7gHdHKwO08vH/b6jfcCo8c4ALOI="
    },
    "ee-first": {
      "version": "1.1.1",
      "resolved": "https://registry.node-modules.io/tarballs/ee-first/1.1.1.tgz",
      "integrity": "sha1-WQxhFWsK4vTwJVcyoViyZrxWsh0="
    },
    "encodeurl": {
      "version": "1.0.1",
      "resolved": "https://registry.node-modules.io/tarballs/encodeurl/1.0.1.tgz",
      "integrity": "sha1-eePVhlU0aQn+bw9Fpd5oEDspTSA="
    },
    "engine.io": {
      "version": "3.1.0",
      "resolved": "https://registry.node-modules.io/tarballs/engine.io/3.1.0.tgz",
      "integrity": "sha1-XKQ4486f28kVxKIcjdnhJmcG5X4="
    },
    "engine.io-client": {
      "version": "3.1.1",
      "resolved": "https://registry.node-modules.io/tarballs/engine.io-client/3.1.1.tgz",
      "integrity": "sha1-QVqYUrrbFPoAj6PvHjFgjbZ2EyU="
    },
    "engine.io-parser": {
      "version": "2.1.1",
      "resolved": "https://registry.node-modules.io/tarballs/engine.io-parser/2.1.1.tgz",
      "integrity": "sha1-4Ps/DgRi9/WLt3waUun1p+JuRmg="
    },
    "escape-html": {
      "version": "1.0.3",
      "resolved": "https://registry.node-modules.io/tarballs/escape-html/1.0.3.tgz",
      "integrity": "sha1-Aljq5NPQwJdN4cFpGI7wBR0dGYg="
    },
    "escape-string-regexp": {
      "version": "1.0.5",
      "resolved": "https://registry.node-modules.io/tarballs/escape-string-regexp/1.0.5.tgz",
      "integrity": "sha1-G2HAViGQqN/2rjuyzwIAyhMLhtQ="
    },
    "etag": {
      "version": "1.8.0",
      "resolved": "https://registry.node-modules.io/tarballs/etag/1.8.0.tgz",
      "integrity": "sha1-b2Ma7zNtbEY2K1F2QETOIWvjwFE="
    },
    "execa": {
      "version": "0.4.0",
      "resolved": "https://registry.node-modules.io/tarballs/execa/0.4.0.tgz",
      "integrity": "sha1-TrZGejaglfq7KXD/nV4/t7zm68M="
    },
    "express": {
      "version": "4.15.3",
      "resolved": "https://registry.node-modules.io/tarballs/express/4.15.3.tgz",
      "integrity": "sha1-urZdDwOqgMNYQIly/HAPkWlEtmI="
    },
    "finalhandler": {
      "version": "1.0.3",
      "resolved": "https://registry.node-modules.io/tarballs/finalhandler/1.0.3.tgz",
      "integrity": "sha1-70fneVDpmXgOhgIqVg4yF+DQzIk="
    },
    "firebase-admin": {
      "version": "5.0.0",
      "resolved": "https://registry.node-modules.io/tarballs/firebase-admin/5.0.0.tgz",
      "integrity": "sha1-+trlbJm+T7VseBAH1nGdFT/o/Xs=",
      "dependencies": {
        "@types/jsonwebtoken": {
          "version": "https://registry.npmjs.org/@types/jsonwebtoken/-/jsonwebtoken-7.2.0.tgz",
          "integrity": "sha1-D+0yyFAdqArJg50tQDplyD13b/0="
        },
        "@types/node": {
          "version": "https://registry.npmjs.org/@types/node/-/node-7.0.18.tgz",
          "integrity": "sha1-zWfyfT3Az7dG8L3V4IbExdVb4XM="
        },
        "base64url": {
          "version": "https://registry.npmjs.org/base64url/-/base64url-2.0.0.tgz",
          "integrity": "sha1-6sFuA+oUOO/5Qj1puqNiYu0fcLs="
        },
        "buffer-equal-constant-time": {
          "version": "https://registry.npmjs.org/buffer-equal-constant-time/-/buffer-equal-constant-time-1.0.1.tgz",
          "integrity": "sha1-+OcRMvf/5uAaXJaXpMbz5I1cyBk="
        },
        "ecdsa-sig-formatter": {
          "version": "https://registry.npmjs.org/ecdsa-sig-formatter/-/ecdsa-sig-formatter-1.0.9.tgz",
          "integrity": "sha1-S8kmJ07Dtau1AW5+HWCSGsJisqE="
        },
        "faye-websocket": {
          "version": "https://registry.npmjs.org/faye-websocket/-/faye-websocket-0.9.3.tgz",
          "integrity": "sha1-SCpQWw3wrmJrlphm0710DNuWLoM="
        },
        "hoek": {
          "version": "https://registry.npmjs.org/hoek/-/hoek-2.16.3.tgz",
          "integrity": "sha1-ILt0A9POo5jpHcRxCo/xuCdKJe0="
        },
        "isemail": {
          "version": "https://registry.npmjs.org/isemail/-/isemail-1.2.0.tgz",
          "integrity": "sha1-vgPfjMPineTSxd9lASY/H6RZXpo="
        },
        "joi": {
          "version": "https://registry.npmjs.org/joi/-/joi-6.10.1.tgz",
          "integrity": "sha1-TVDDGAeRIgAP5fFq8f+OGRe3fgY="
        },
        "jsonwebtoken": {
          "version": "https://registry.npmjs.org/jsonwebtoken/-/jsonwebtoken-7.1.9.tgz",
          "integrity": "sha1-hHgE5SWL7FqUmajcSl56O64I1Yo="
        },
        "jwa": {
          "version": "https://registry.npmjs.org/jwa/-/jwa-1.1.5.tgz",
          "integrity": "sha1-oFUs4CIHQs1S4VN3SjKQXDDnVuU="
        },
        "jws": {
          "version": "https://registry.npmjs.org/jws/-/jws-3.1.4.tgz",
          "integrity": "sha1-+ei5M46KhHJ31kRLFGT2GIDgUKI="
        },
        "lodash.once": {
          "version": "https://registry.npmjs.org/lodash.once/-/lodash.once-4.1.1.tgz",
          "integrity": "sha1-DdOXEhPHxW34gJd9UEyI+0cal6w="
        },
        "moment": {
          "version": "https://registry.npmjs.org/moment/-/moment-2.18.1.tgz",
          "integrity": "sha1-w2GT3Tzhwu7SrbfIAtu8d6gbHA8="
        },
        "ms": {
          "version": "https://registry.npmjs.org/ms/-/ms-0.7.3.tgz",
          "integrity": "sha1-cIFVpeROM/X9D8U+gdDUCpG+H/8="
        },
        "node-forge": {
          "version": "https://registry.npmjs.org/node-forge/-/node-forge-0.7.1.tgz",
          "integrity": "sha1-naYR6giYL0uUIGs760zJZl8gwwA="
        },
        "safe-buffer": {
          "version": "https://registry.npmjs.org/safe-buffer/-/safe-buffer-5.0.1.tgz",
          "integrity": "sha1-0mPKVGls2KMGtcplUekt5XkY++c="
        },
        "topo": {
          "version": "https://registry.npmjs.org/topo/-/topo-1.1.0.tgz",
          "integrity": "sha1-6ddRYV0buH3IZdsYL6HKCl71NtU="
        },
        "websocket-driver": {
          "version": "https://registry.npmjs.org/websocket-driver/-/websocket-driver-0.6.5.tgz",
          "integrity": "sha1-XLJVbOuF9Dc8bYI4qmkchFThOjY="
        },
        "websocket-extensions": {
          "version": "https://registry.npmjs.org/websocket-extensions/-/websocket-extensions-0.1.1.tgz",
          "integrity": "sha1-domUmcGEtu91Q3fC27DNbLVdKec="
        },
        "xtend": {
          "version": "https://registry.npmjs.org/xtend/-/xtend-4.0.1.tgz",
          "integrity": "sha1-pcbVMr5lbiPbgg77lDofBJmNY68="
        }
      }
    },
    "flattenjs": {
      "version": "1.0.4",
      "resolved": "https://registry.node-modules.io/tarballs/flattenjs/1.0.4.tgz",
      "integrity": "sha1-Jfcw7AO//DtLNM4AS29Y+kQcHSU=",
      "dependencies": {
        "lodash": {
          "version": "4.17.4",
          "resolved": "https://registry.node-modules.io/tarballs/lodash/4.17.4.tgz",
          "integrity": "sha1-eCA6TRwyiuHYbcpkYONptX9AVa4="
        }
      }
    },
    "forwarded": {
      "version": "0.1.0",
      "resolved": "https://registry.node-modules.io/tarballs/forwarded/0.1.0.tgz",
      "integrity": "sha1-Ge+YdMSuHCl7zweP3mOgm2aoQ2M="
    },
    "fresh": {
      "version": "0.5.0",
      "resolved": "https://registry.node-modules.io/tarballs/fresh/0.5.0.tgz",
      "integrity": "sha1-9HTKXmqSRtb9jglTz6m5yAWvp44="
    },
    "get-port": {
      "version": "3.1.0",
      "resolved": "https://registry.node-modules.io/tarballs/get-port/3.1.0.tgz",
      "integrity": "sha1-7wGxioTKZIaXD/meVERhQac//T4="
    },
    "get-stream": {
      "version": "3.0.0",
      "resolved": "https://registry.node-modules.io/tarballs/get-stream/3.0.0.tgz",
      "integrity": "sha1-jpQ9E1jcN1VQVOy+LtsFqhdO3hQ="
    },
    "got": {
      "version": "6.7.1",
      "resolved": "https://registry.node-modules.io/tarballs/got/6.7.1.tgz",
      "integrity": "sha1-JAzQV4WpoY5WHcG0S0HHY+8ejbA="
    },
    "graceful-fs": {
      "version": "4.1.11",
      "resolved": "https://registry.node-modules.io/tarballs/graceful-fs/4.1.11.tgz",
      "integrity": "sha1-Dovf5NHduIVNZOBOp8AOKgJuVlg="
    },
    "has-ansi": {
      "version": "2.0.0",
      "resolved": "https://registry.node-modules.io/tarballs/has-ansi/2.0.0.tgz",
      "integrity": "sha1-NPUEnOHs3ysGSa8+8k5F7TVBbZE="
    },
    "has-binary2": {
      "version": "1.0.2",
      "resolved": "https://registry.node-modules.io/tarballs/has-binary2/1.0.2.tgz",
      "integrity": "sha1-6D26SfC5vk0CbSc2U1DZ8D9Uvpg=",
      "dependencies": {
        "isarray": {
          "version": "2.0.1",
          "resolved": "https://registry.node-modules.io/tarballs/isarray/2.0.1.tgz",
          "integrity": "sha1-o32U7ZzaLVmGXJ92/llu4fM4dB4="
        }
      }
    },
    "has-cors": {
      "version": "1.1.0",
      "resolved": "https://registry.node-modules.io/tarballs/has-cors/1.1.0.tgz",
      "integrity": "sha1-XkdHk/fqmEPRu5nCPu9J/xJv/zk="
    },
    "http-errors": {
      "version": "1.6.1",
      "resolved": "https://registry.node-modules.io/tarballs/http-errors/1.6.1.tgz",
      "integrity": "sha1-X4uO2YrKVFZWv1cplzh/kEpyIlc="
    },
    "iconv-lite": {
      "version": "0.4.15",
      "resolved": "https://registry.node-modules.io/tarballs/iconv-lite/0.4.15.tgz",
      "integrity": "sha1-/iZaIYrGpXz+hUkn6dBMGYJe3es="
    },
    "imurmurhash": {
      "version": "0.1.4",
      "resolved": "https://registry.node-modules.io/tarballs/imurmurhash/0.1.4.tgz",
      "integrity": "sha1-khi5srkoojixPcT7a21XbyMUU+o="
    },
    "indexof": {
      "version": "0.0.1",
      "resolved": "https://registry.node-modules.io/tarballs/indexof/0.0.1.tgz",
      "integrity": "sha1-gtwzbSMrkGIXnQWrMpOmYFn9Q10="
    },
    "inherits": {
      "version": "2.0.3",
      "resolved": "https://registry.node-modules.io/tarballs/inherits/2.0.3.tgz",
      "integrity": "sha1-Yzwsg+PaQqUC9SRmAiSA9CCCYd4="
    },
    "ini": {
      "version": "1.3.4",
      "resolved": "https://registry.node-modules.io/tarballs/ini/1.3.4.tgz",
      "integrity": "sha1-BTfLedr1m1mhpRff9wbIbsA5Fi4="
    },
    "ip": {
      "version": "1.1.5",
      "resolved": "https://registry.node-modules.io/tarballs/ip/1.1.5.tgz",
      "integrity": "sha1-vd7XARQpCCjAoDnnLvJfWq7ENUo="
    },
    "ipaddr.js": {
      "version": "1.3.0",
      "resolved": "https://registry.node-modules.io/tarballs/ipaddr.js/1.3.0.tgz",
      "integrity": "sha1-HgOlL9rYOou7KyXL9JmLTP/NPew="
    },
    "is-async-supported": {
      "version": "1.2.0",
      "resolved": "https://registry.node-modules.io/tarballs/is-async-supported/1.2.0.tgz",
      "integrity": "sha1-INWKxNZwfrHLNxLdOEgMBTbyfAc="
    },
    "is-fullwidth-code-point": {
      "version": "2.0.0",
      "resolved": "https://registry.node-modules.io/tarballs/is-fullwidth-code-point/2.0.0.tgz",
      "integrity": "sha1-o7MKXE8ZkYMWeqq5O+764937ZU8="
    },
    "is-npm": {
      "version": "1.0.0",
      "resolved": "https://registry.node-modules.io/tarballs/is-npm/1.0.0.tgz",
      "integrity": "sha1-8vtjpl5JBbQGyGBydloaTceTufQ="
    },
    "is-obj": {
      "version": "1.0.1",
      "resolved": "https://registry.node-modules.io/tarballs/is-obj/1.0.1.tgz",
      "integrity": "sha1-PkcprB9f3gJc19g6iW2rn09n2w8="
    },
    "is-redirect": {
      "version": "1.0.0",
      "resolved": "https://registry.node-modules.io/tarballs/is-redirect/1.0.0.tgz",
      "integrity": "sha1-HQPd7VO9jbDzDCbk+V02/HyH3CQ="
    },
    "is-retry-allowed": {
      "version": "1.1.0",
      "resolved": "https://registry.node-modules.io/tarballs/is-retry-allowed/1.1.0.tgz",
      "integrity": "sha1-EaBgVotnM5REAz0BJaYaINVk+zQ="
    },
    "is-stream": {
      "version": "1.1.0",
      "resolved": "https://registry.node-modules.io/tarballs/is-stream/1.1.0.tgz",
      "integrity": "sha1-EtSj3U5o4Lec6428hBc66A2RykQ="
    },
    "isexe": {
      "version": "2.0.0",
      "resolved": "https://registry.node-modules.io/tarballs/isexe/2.0.0.tgz",
      "integrity": "sha1-6PvzdNxVb/iUehDcsFctYz8s+hA="
    },
    "isstream": {
      "version": "0.1.2",
      "resolved": "https://registry.node-modules.io/tarballs/isstream/0.1.2.tgz",
      "integrity": "sha1-R+Y/evVa+m+S4VAOaQ64uFKcCZo="
    },
    "latest-version": {
      "version": "3.1.0",
      "resolved": "https://registry.node-modules.io/tarballs/latest-version/3.1.0.tgz",
      "integrity": "sha1-ogU4P+oyKzO1rjsYq+4NwvNW7hU="
    },
    "lazy-req": {
      "version": "2.0.0",
      "resolved": "https://registry.node-modules.io/tarballs/lazy-req/2.0.0.tgz",
      "integrity": "sha1-yUUKNj7N2i5vDHATKtTzf48G8rQ="
    },
    "lodash": {
      "version": "4.17.4",
      "resolved": "https://registry.node-modules.io/tarballs/lodash/4.17.4.tgz",
      "integrity": "sha1-eCA6TRwyiuHYbcpkYONptX9AVa4="
    },
    "lowercase-keys": {
      "version": "1.0.0",
      "resolved": "https://registry.node-modules.io/tarballs/lowercase-keys/1.0.0.tgz",
      "integrity": "sha1-TjNms55/VFfjXxMkvfb4jQv8cwY="
    },
    "lru-cache": {
      "version": "4.1.1",
      "resolved": "https://registry.node-modules.io/tarballs/lru-cache/4.1.1.tgz",
      "integrity": "sha512-q4spe4KTfsAS1SUHLO0wz8Qiyf1+vMIAgpRYioFYDMNqKfHQbg+AVDH3i4fvpl71/P1L0dBl+fQi+P37UYf0ew=="
    },
    "magic-string": {
      "version": "0.19.1",
      "resolved": "https://registry.node-modules.io/tarballs/magic-string/0.19.1.tgz",
      "integrity": "sha1-FNdoATyvLsj96hakmvgvw3fnUgE="
    },
    "make-dir": {
      "version": "1.0.0",
      "resolved": "https://registry.node-modules.io/tarballs/make-dir/1.0.0.tgz",
      "integrity": "sha1-l6ARdR6R3YfPre9Ygy67BJNt6Xg="
    },
    "media-typer": {
      "version": "0.3.0",
      "resolved": "https://registry.node-modules.io/tarballs/media-typer/0.3.0.tgz",
      "integrity": "sha1-hxDXrwqmJvj/+hzgAWhUUmMlV0g="
    },
    "merge-descriptors": {
      "version": "1.0.1",
      "resolved": "https://registry.node-modules.io/tarballs/merge-descriptors/1.0.1.tgz",
      "integrity": "sha1-sAqqVW3YtEVoFQ7J0blT8/kMu2E="
    },
    "methods": {
      "version": "1.1.2",
      "resolved": "https://registry.node-modules.io/tarballs/methods/1.1.2.tgz",
      "integrity": "sha1-VSmk1nZUE07cxSZmVoNbD4Ua/O4="
    },
    "micro": {
      "version": "7.3.3",
      "resolved": "https://registry.node-modules.io/tarballs/micro/7.3.3.tgz",
      "integrity": "sha1-gmHFbSoxp9+TmG7/hkQTlvK0sHA="
    },
    "mime": {
      "version": "1.3.4",
      "resolved": "https://registry.node-modules.io/tarballs/mime/1.3.4.tgz",
      "integrity": "sha1-EV+eO2s9rylZmDyzjxSaLUDrXVM="
    },
    "mime-db": {
      "version": "1.27.0",
      "resolved": "https://registry.node-modules.io/tarballs/mime-db/1.27.0.tgz",
      "integrity": "sha1-gg9XIpa70g7CXtVeW13oaeVDbrE="
    },
    "mime-types": {
      "version": "2.1.15",
      "resolved": "https://registry.node-modules.io/tarballs/mime-types/2.1.15.tgz",
      "integrity": "sha1-pOv1BkCUVpI3uM9wBGd20J/JKu0="
    },
    "minimist": {
      "version": "1.2.0",
      "resolved": "https://registry.node-modules.io/tarballs/minimist/1.2.0.tgz",
      "integrity": "sha1-o1AIsg9BOD7sH7kU9M1d95omQoQ="
    },
    "ms": {
      "version": "2.0.0",
      "resolved": "https://registry.node-modules.io/tarballs/ms/2.0.0.tgz",
      "integrity": "sha1-VgiurfwAvmwpAd9fmGF4jeDVl8g="
    },
    "negotiator": {
      "version": "0.6.1",
      "resolved": "https://registry.node-modules.io/tarballs/negotiator/0.6.1.tgz",
      "integrity": "sha1-KzJxhOiZIQEXeyhWP7XnECrNDKk="
    },
    "node-version": {
      "version": "1.0.0",
      "resolved": "https://registry.node-modules.io/tarballs/node-version/1.0.0.tgz",
      "integrity": "sha1-G5uVhKmn96YSPyFc0UplK/IasZ4="
    },
    "npm-run-path": {
      "version": "1.0.0",
      "resolved": "https://registry.node-modules.io/tarballs/npm-run-path/1.0.0.tgz",
      "integrity": "sha1-9cMr9ZX+ga6Sfa7FLoL4sACsPI8="
    },
    "number-is-nan": {
      "version": "1.0.1",
      "resolved": "https://registry.node-modules.io/tarballs/number-is-nan/1.0.1.tgz",
      "integrity": "sha1-CXtgK1NCKlIsGvuHkDGDNpQaAR0="
    },
    "object-assign": {
      "version": "4.1.1",
      "resolved": "https://registry.node-modules.io/tarballs/object-assign/4.1.1.tgz",
      "integrity": "sha1-IQmtx5ZYh8/AXLvUQsrIv7s2CGM="
    },
    "object-component": {
      "version": "0.0.3",
      "resolved": "https://registry.node-modules.io/tarballs/object-component/0.0.3.tgz",
      "integrity": "sha1-8MaapQ78lbhmwYb0AKM3acsvEpE="
    },
    "on-finished": {
      "version": "2.3.0",
      "resolved": "https://registry.node-modules.io/tarballs/on-finished/2.3.0.tgz",
      "integrity": "sha1-IPEzZIGwg811M3mSoWlxqi2QaUc="
    },
    "p-finally": {
      "version": "1.0.0",
      "resolved": "https://registry.node-modules.io/tarballs/p-finally/1.0.0.tgz",
      "integrity": "sha1-P7z7FbiZpEEjs0ttzBi3JDNqLK4="
    },
    "package-json": {
      "version": "4.0.1",
      "resolved": "https://registry.node-modules.io/tarballs/package-json/4.0.1.tgz",
      "integrity": "sha1-iGmgQBJTZhxMTKPabCEh7VVfXu0="
    },
    "parsejson": {
      "version": "0.0.3",
      "resolved": "https://registry.node-modules.io/tarballs/parsejson/0.0.3.tgz",
      "integrity": "sha1-q343WfIJ7OmUN5c/fQ8fZK4OZKs="
    },
    "parseqs": {
      "version": "0.0.5",
      "resolved": "https://registry.node-modules.io/tarballs/parseqs/0.0.5.tgz",
      "integrity": "sha1-1SCKNzjkZ2bikbouoXNoSSGouJ0="
    },
    "parseuri": {
      "version": "0.0.5",
      "resolved": "https://registry.node-modules.io/tarballs/parseuri/0.0.5.tgz",
      "integrity": "sha1-gCBKUNTbt3m/3G6+J3jZDkvOMgo="
    },
    "parseurl": {
      "version": "1.3.1",
      "resolved": "https://registry.node-modules.io/tarballs/parseurl/1.3.1.tgz",
      "integrity": "sha1-yKuMkiO6NIiKpkopeyiFO+wY2lY="
    },
    "path-key": {
      "version": "1.0.0",
      "resolved": "https://registry.node-modules.io/tarballs/path-key/1.0.0.tgz",
      "integrity": "sha1-XVPVeAGWRsDWiADbThRua9wqx68="
    },
    "path-to-regexp": {
      "version": "0.1.7",
      "resolved": "https://registry.node-modules.io/tarballs/path-to-regexp/0.1.7.tgz",
      "integrity": "sha1-32BBeABfUi8V60SQ5yR6G/qmf4w="
    },
    "pify": {
      "version": "2.3.0",
      "resolved": "https://registry.node-modules.io/tarballs/pify/2.3.0.tgz",
      "integrity": "sha1-7RQaasBDqEnqWISY59yosVMw6Qw="
    },
    "pkginfo": {
      "version": "0.4.0",
      "resolved": "https://registry.node-modules.io/tarballs/pkginfo/0.4.0.tgz",
      "integrity": "sha1-NJ27f/04CB/K3AhT32h/DHdEzWU="
    },
    "prepend-http": {
      "version": "1.0.4",
      "resolved": "https://registry.node-modules.io/tarballs/prepend-http/1.0.4.tgz",
      "integrity": "sha1-1PRWKwzjaW5BrFLQ4ALlemNdxtw="
    },
    "proxy-addr": {
      "version": "1.1.4",
      "resolved": "https://registry.node-modules.io/tarballs/proxy-addr/1.1.4.tgz",
      "integrity": "sha1-J+VF9pYKRKYn2bREZ+NcG2tM4vM="
    },
    "pseudomap": {
      "version": "1.0.2",
      "resolved": "https://registry.node-modules.io/tarballs/pseudomap/1.0.2.tgz",
      "integrity": "sha1-8FKijacOYYkX7wqKw0wa5aaChrM="
    },
    "qs": {
      "version": "6.4.0",
      "resolved": "https://registry.node-modules.io/tarballs/qs/6.4.0.tgz",
      "integrity": "sha1-E+JtKK1rD/qpExLNO/cI7TUecjM="
    },
    "range-parser": {
      "version": "1.2.0",
      "resolved": "https://registry.node-modules.io/tarballs/range-parser/1.2.0.tgz",
      "integrity": "sha1-9JvmtIeJTdxA3MlKMi9hEJLgDV4="
    },
    "raw-body": {
      "version": "2.2.0",
      "resolved": "https://registry.node-modules.io/tarballs/raw-body/2.2.0.tgz",
      "integrity": "sha1-mUl2z2pQlqQRYoQEkvC9xdbn+5Y="
    },
    "rc": {
      "version": "1.2.1",
      "resolved": "https://registry.node-modules.io/tarballs/rc/1.2.1.tgz",
      "integrity": "sha1-LgPo5C7kULjLPc5lvhv4l04d/ZU="
    },
    "registry-auth-token": {
      "version": "3.3.1",
      "resolved": "https://registry.node-modules.io/tarballs/registry-auth-token/3.3.1.tgz",
      "integrity": "sha1-+w0yie4Nmtosu1KvXf5mywcNMAY="
    },
    "registry-url": {
      "version": "3.1.0",
      "resolved": "https://registry.node-modules.io/tarballs/registry-url/3.1.0.tgz",
      "integrity": "sha1-PU74cPc93h138M+aOBQyRE4XSUI="
    },
    "safe-buffer": {
      "version": "5.0.1",
      "resolved": "https://registry.node-modules.io/tarballs/safe-buffer/5.0.1.tgz",
      "integrity": "sha1-0mPKVGls2KMGtcplUekt5XkY++c="
    },
    "semver": {
      "version": "5.3.0",
      "resolved": "https://registry.node-modules.io/tarballs/semver/5.3.0.tgz",
      "integrity": "sha1-myzl094C0XxgEq0yaqa00M9U+U8="
    },
    "semver-diff": {
      "version": "2.1.0",
      "resolved": "https://registry.node-modules.io/tarballs/semver-diff/2.1.0.tgz",
      "integrity": "sha1-S7uEN8jTfksM8aaP1ybsbWRdbTY="
    },
    "send": {
      "version": "0.15.3",
      "resolved": "https://registry.node-modules.io/tarballs/send/0.15.3.tgz",
      "integrity": "sha1-UBP5+ZAj31DRvZiSwZ4979HVMwk="
    },
    "serve-static": {
      "version": "1.12.3",
      "resolved": "https://registry.node-modules.io/tarballs/serve-static/1.12.3.tgz",
      "integrity": "sha1-n0uhni8wMMVH+K+ZEHg47DjVseI="
    },
    "setprototypeof": {
      "version": "1.0.3",
      "resolved": "https://registry.node-modules.io/tarballs/setprototypeof/1.0.3.tgz",
      "integrity": "sha1-ZlZ+NwQ+608E2RvWWMDL77VbjgQ="
    },
    "shebang-command": {
      "version": "1.2.0",
      "resolved": "https://registry.node-modules.io/tarballs/shebang-command/1.2.0.tgz",
      "integrity": "sha1-RKrGW2lbAzmJaMOfNj/uXer98eo="
    },
    "shebang-regex": {
      "version": "1.0.0",
      "resolved": "https://registry.node-modules.io/tarballs/shebang-regex/1.0.0.tgz",
      "integrity": "sha1-2kL0l0DAtC2yypcoVxyxkMmO/qM="
    },
    "signal-exit": {
      "version": "3.0.2",
      "resolved": "https://registry.node-modules.io/tarballs/signal-exit/3.0.2.tgz",
      "integrity": "sha1-tf3AjxKH6hF4Yo5BXiUTK3NkbG0="
    },
    "slide": {
      "version": "1.1.6",
      "resolved": "https://registry.node-modules.io/tarballs/slide/1.1.6.tgz",
      "integrity": "sha1-VusCfWW00tzmyy4tMsTUr8nh1wc="
    },
    "socket.io": {
      "version": "2.0.3",
      "resolved": "https://registry.node-modules.io/tarballs/socket.io/2.0.3.tgz",
      "integrity": "sha1-Q1nwaiSTOua9CHeYr3jGgOrjReM=",
      "dependencies": {
        "object-assign": {
          "version": "4.1.1",
          "resolved": "https://registry.node-modules.io/tarballs/object-assign/4.1.1.tgz",
          "integrity": "sha1-IQmtx5ZYh8/AXLvUQsrIv7s2CGM="
        }
      }
    },
    "socket.io-adapter": {
      "version": "1.1.0",
      "resolved": "https://registry.node-modules.io/tarballs/socket.io-adapter/1.1.0.tgz",
      "integrity": "sha1-x6pGUB3VVsLLiiivj/lcC14dqkw=",
      "dependencies": {
        "debug": {
          "version": "2.3.3",
          "resolved": "https://registry.node-modules.io/tarballs/debug/2.3.3.tgz",
          "integrity": "sha1-QMRT5n5uE8kB3ewxeviYbNqe/4w="
        },
        "ms": {
          "version": "0.7.2",
          "resolved": "https://registry.node-modules.io/tarballs/ms/0.7.2.tgz",
          "integrity": "sha1-riXPJRKziFodldfwN4aNhDESR2U="
        }
      }
    },
    "socket.io-client": {
      "version": "2.0.3",
      "resolved": "https://registry.node-modules.io/tarballs/socket.io-client/2.0.3.tgz",
      "integrity": "sha1-bK9K/5+FsZ/ZG2zhPWmttWT4hzs="
    },
    "socket.io-parser": {
      "version": "3.1.2",
      "resolved": "https://registry.node-modules.io/tarballs/socket.io-parser/3.1.2.tgz",
      "integrity": "sha1-28IoIVH8T6675Aru3Ady66YZ9/I=",
      "dependencies": {
        "isarray": {
          "version": "2.0.1",
          "resolved": "https://registry.node-modules.io/tarballs/isarray/2.0.1.tgz",
          "integrity": "sha1-o32U7ZzaLVmGXJ92/llu4fM4dB4="
        }
      }
    },
    "statuses": {
      "version": "1.3.1",
      "resolved": "https://registry.node-modules.io/tarballs/statuses/1.3.1.tgz",
      "integrity": "sha1-+vUbnrdKrvOzrPStX2Gr8ky3uT4="
    },
    "string-similarity": {
      "version": "1.1.0",
      "resolved": "https://registry.node-modules.io/tarballs/string-similarity/1.1.0.tgz",
      "integrity": "sha1-PGZJiFikZex8QMfYFzm72ZWQSRQ="
    },
    "string-width": {
      "version": "2.0.0",
      "resolved": "https://registry.node-modules.io/tarballs/string-width/2.0.0.tgz",
      "integrity": "sha1-Y1xUNsxypuDDh87KJ41OLuxSaH4="
    },
    "strip-ansi": {
      "version": "3.0.1",
      "resolved": "https://registry.node-modules.io/tarballs/strip-ansi/3.0.1.tgz",
      "integrity": "sha1-ajhfuIU9lS1f8F0Oiq+UJ43GPc8="
    },
    "strip-eof": {
      "version": "1.0.0",
      "resolved": "https://registry.node-modules.io/tarballs/strip-eof/1.0.0.tgz",
      "integrity": "sha1-u0P/VZim6wXYm1n80SnJgzE2Br8="
    },
    "strip-json-comments": {
      "version": "2.0.1",
      "resolved": "https://registry.node-modules.io/tarballs/strip-json-comments/2.0.1.tgz",
      "integrity": "sha1-PFMZQukIwml8DsNEhYwobHygpgo="
    },
    "supports-color": {
      "version": "2.0.0",
      "resolved": "https://registry.node-modules.io/tarballs/supports-color/2.0.0.tgz",
      "integrity": "sha1-U10EXOa2Nj+kARcIRimZXp3zJMc="
    },
    "term-size": {
      "version": "0.1.1",
      "resolved": "https://registry.node-modules.io/tarballs/term-size/0.1.1.tgz",
      "integrity": "sha1-hzYLljlsq1dgljcUzaDQy+7K2co="
    },
    "timed-out": {
      "version": "4.0.1",
      "resolved": "https://registry.node-modules.io/tarballs/timed-out/4.0.1.tgz",
      "integrity": "sha1-8y6srFoXW+ol1/q1Zas+2HQe9W8="
    },
    "to-array": {
      "version": "0.1.4",
      "resolved": "https://registry.node-modules.io/tarballs/to-array/0.1.4.tgz",
      "integrity": "sha1-F+bBH3PdTz10zaek/zI46a2b+JA="
    },
    "type-is": {
      "version": "1.6.15",
      "resolved": "https://registry.node-modules.io/tarballs/type-is/1.6.15.tgz",
      "integrity": "sha1-yrEPtJCeRByChC6v4a1kbIGARBA="
    },
    "ultron": {
      "version": "1.1.0",
      "resolved": "https://registry.node-modules.io/tarballs/ultron/1.1.0.tgz",
      "integrity": "sha1-sHoualQagV/Go0zNRTO67DB8qGQ="
    },
    "unique-string": {
      "version": "1.0.0",
      "resolved": "https://registry.node-modules.io/tarballs/unique-string/1.0.0.tgz",
      "integrity": "sha1-nhBXzKhRq7kzmPizOuGHuZyuwRo="
    },
    "unpipe": {
      "version": "1.0.0",
      "resolved": "https://registry.node-modules.io/tarballs/unpipe/1.0.0.tgz",
      "integrity": "sha1-sr9O6FFKrmFltIF4KdIbLvSZBOw="
    },
    "unzip-response": {
      "version": "2.0.1",
      "resolved": "https://registry.node-modules.io/tarballs/unzip-response/2.0.1.tgz",
      "integrity": "sha1-0vD3N9FrBhXnKmk17QQhRXLVb5c="
    },
    "update-notifier": {
      "version": "2.1.0",
      "resolved": "https://registry.node-modules.io/tarballs/update-notifier/2.1.0.tgz",
      "integrity": "sha1-7AweU1NrdmR6JLd8uDlm2TFRI9k="
    },
    "url-parse-lax": {
      "version": "1.0.0",
      "resolved": "https://registry.node-modules.io/tarballs/url-parse-lax/1.0.0.tgz",
      "integrity": "sha1-evjzA2Rem9eaJy56FKxovAYJ2nM="
    },
    "utils-merge": {
      "version": "1.0.0",
      "resolved": "https://registry.node-modules.io/tarballs/utils-merge/1.0.0.tgz",
      "integrity": "sha1-ApT7kiu5N1FTVBxPcJYjHyh8ivg="
    },
    "uws": {
      "version": "0.14.5",
      "resolved": "https://registry.node-modules.io/tarballs/uws/0.14.5.tgz",
      "integrity": "sha1-Z6rzPEaypYel9mZtAPdpEyjxSdw=",
      "optional": true
    },
    "vary": {
      "version": "1.1.1",
      "resolved": "https://registry.node-modules.io/tarballs/vary/1.1.1.tgz",
      "integrity": "sha1-Z1Neu2lMHVIldFeYRmUyP1h+jTc="
    },
    "vlq": {
      "version": "0.2.2",
      "resolved": "https://registry.node-modules.io/tarballs/vlq/0.2.2.tgz",
      "integrity": "sha1-4xbVJXtAuGu0PLjV/qXX9U1rDKE="
    },
    "which": {
      "version": "1.2.14",
      "resolved": "https://registry.node-modules.io/tarballs/which/1.2.14.tgz",
      "integrity": "sha1-mofEN48D6CfOyvGs31bHNsAcFOU="
    },
    "widest-line": {
      "version": "1.0.0",
      "resolved": "https://registry.node-modules.io/tarballs/widest-line/1.0.0.tgz",
      "integrity": "sha1-DAnIXCqUaD0Nfq+O4JfVZL8OEFw=",
      "dependencies": {
        "is-fullwidth-code-point": {
          "version": "1.0.0",
          "resolved": "https://registry.node-modules.io/tarballs/is-fullwidth-code-point/1.0.0.tgz",
          "integrity": "sha1-754xOG8DGn8NZDr4L95QxFfvAMs="
        },
        "string-width": {
          "version": "1.0.2",
          "resolved": "https://registry.node-modules.io/tarballs/string-width/1.0.2.tgz",
          "integrity": "sha1-EYvfW4zcUaKn5w0hHgfisLmxB9M="
        }
      }
    },
    "write-file-atomic": {
      "version": "2.1.0",
      "resolved": "https://registry.node-modules.io/tarballs/write-file-atomic/2.1.0.tgz",
      "integrity": "sha512-0TZ20a+xcIl4u0+Mj5xDH2yOWdmQiXlKf9Hm+TgDXjTMsEYb+gDrmb8e8UNAzMCitX8NBqG4Z/FUQIyzv/R1JQ=="
    },
    "ws": {
      "version": "2.3.1",
      "resolved": "https://registry.node-modules.io/tarballs/ws/2.3.1.tgz",
      "integrity": "sha1-a5Sz5EfLajY/eF6vlK9jWejoHIA="
    },
    "xdg-basedir": {
      "version": "3.0.0",
      "resolved": "https://registry.node-modules.io/tarballs/xdg-basedir/3.0.0.tgz",
      "integrity": "sha1-SWsswQnsqNus/i3HK2A8F8WHCtQ="
    },
    "xmlhttprequest-ssl": {
      "version": "1.5.3",
      "resolved": "https://registry.node-modules.io/tarballs/xmlhttprequest-ssl/1.5.3.tgz",
      "integrity": "sha1-GFqIjATspGw+QHDZn3tJ3jUomS0="
    },
    "yallist": {
      "version": "2.1.2",
      "resolved": "https://registry.node-modules.io/tarballs/yallist/2.1.2.tgz",
      "integrity": "sha1-HBH5IY8HYImkfdUS+TxmmaaoHVI="
    },
    "yeast": {
      "version": "0.1.2",
      "resolved": "https://registry.node-modules.io/tarballs/yeast/0.1.2.tgz",
      "integrity": "sha1-AI4G2AlDIMNy28L47XagymyKxBk="
    }
  }
}
